
Microsoft Visual Studio Solution File, Format Version 12.00
# Visual Studio Version 17
VisualStudioVersion = 17.0.31903.59
MinimumVisualStudioVersion = 10.0.40219.1
Project("{2150E333-8FDC-42A3-9474-1A3956D46DE8}") = "src", "src", "{827E0CD3-B72D-47B6-A68D-7590B98EB39B}"
EndProject
Project("{FAE04EC0-301F-11D3-BF4B-00C04F79EFBC}") = "Cicclo.Api", "src\Cicclo.Api\Cicclo.Api.csproj", "{53AA9D47-CEDE-49A8-B63C-4A5BAB11BB9E}"
EndProject
Project("{FAE04EC0-301F-11D3-BF4B-00C04F79EFBC}") = "Cicclo.Application", "src\Cicclo.Application\Cicclo.Application.csproj", "{39D03E0D-94E3-498A-9A99-B7942A68410F}"
EndProject
Project("{FAE04EC0-301F-11D3-BF4B-00C04F79EFBC}") = "Cicclo.Domain", "src\Cicclo.Domain\Cicclo.Domain.csproj", "{B2D4156B-6C60-430B-8C1A-DB58AC023CE0}"
EndProject
Project("{FAE04EC0-301F-11D3-BF4B-00C04F79EFBC}") = "Cicclo.Infrastructure", "src\Cicclo.Infrastructure\Cicclo.Infrastructure.csproj", "{6A073D06-C453-4649-8735-56DED977FDC9}"
EndProject
Project("{2150E333-8FDC-42A3-9474-1A3956D46DE8}") = "tests", "tests", "{0AB3BF05-4346-4AA6-1389-037BE0695223}"
EndProject
Project("{FAE04EC0-301F-11D3-BF4B-00C04F79EFBC}") = "Cicclo.Domain.Tests", "tests\Cicclo.Domain.Tests\Cicclo.Domain.Tests.csproj", "{000A3F7B-ABD8-4445-A05F-012555E85407}"
EndProject
Project("{FAE04EC0-301F-11D3-BF4B-00C04F79EFBC}") = "Cicclo.Application.Tests", "tests\Cicclo.Application.Tests\Cicclo.Application.Tests.csproj", "{687B6A45-8502-4301-A975-C99687A6C447}"
EndProject
Project("{FAE04EC0-301F-11D3-BF4B-00C04F79EFBC}") = "Cicclo.Api.Tests", "tests\Cicclo.Api.Tests\Cicclo.Api.Tests.csproj", "{3C71FFCE-E882-4E50-B64B-75BBD2389691}"
EndProject
Global
	GlobalSection(SolutionConfigurationPlatforms) = preSolution
		Debug|Any CPU = Debug|Any CPU
		Debug|x64 = Debug|x64
		Debug|x86 = Debug|x86
		Release|Any CPU = Release|Any CPU
		Release|x64 = Release|x64
		Release|x86 = Release|x86
	EndGlobalSection
	GlobalSection(ProjectConfigurationPlatforms) = postSolution
		{53AA9D47-CEDE-49A8-B63C-4A5BAB11BB9E}.Debug|Any CPU.ActiveCfg = Debug|Any CPU
		{53AA9D47-CEDE-49A8-B63C-4A5BAB11BB9E}.Debug|Any CPU.Build.0 = Debug|Any CPU
		{53AA9D47-CEDE-49A8-B63C-4A5BAB11BB9E}.Debug|x64.ActiveCfg = Debug|Any CPU
		{53AA9D47-CEDE-49A8-B63C-4A5BAB11BB9E}.Debug|x64.Build.0 = Debug|Any CPU
		{53AA9D47-CEDE-49A8-B63C-4A5BAB11BB9E}.Debug|x86.ActiveCfg = Debug|Any CPU
		{53AA9D47-CEDE-49A8-B63C-4A5BAB11BB9E}.Debug|x86.Build.0 = Debug|Any CPU
		{53AA9D47-CEDE-49A8-B63C-4A5BAB11BB9E}.Release|Any CPU.ActiveCfg = Release|Any CPU
		{53AA9D47-CEDE-49A8-B63C-4A5BAB11BB9E}.Release|Any CPU.Build.0 = Release|Any CPU
		{53AA9D47-CEDE-49A8-B63C-4A5BAB11BB9E}.Release|x64.ActiveCfg = Release|Any CPU
		{53AA9D47-CEDE-49A8-B63C-4A5BAB11BB9E}.Release|x64.Build.0 = Release|Any CPU
		{53AA9D47-CEDE-49A8-B63C-4A5BAB11BB9E}.Release|x86.ActiveCfg = Release|Any CPU
		{53AA9D47-CEDE-49A8-B63C-4A5BAB11BB9E}.Release|x86.Build.0 = Release|Any CPU
		{39D03E0D-94E3-498A-9A99-B7942A68410F}.Debug|Any CPU.ActiveCfg = Debug|Any CPU
		{39D03E0D-94E3-498A-9A99-B7942A68410F}.Debug|Any CPU.Build.0 = Debug|Any CPU
		{39D03E0D-94E3-498A-9A99-B7942A68410F}.Debug|x64.ActiveCfg = Debug|Any CPU
		{39D03E0D-94E3-498A-9A99-B7942A68410F}.Debug|x64.Build.0 = Debug|Any CPU
		{39D03E0D-94E3-498A-9A99-B7942A68410F}.Debug|x86.ActiveCfg = Debug|Any CPU
		{39D03E0D-94E3-498A-9A99-B7942A68410F}.Debug|x86.Build.0 = Debug|Any CPU
		{39D03E0D-94E3-498A-9A99-B7942A68410F}.Release|Any CPU.ActiveCfg = Release|Any CPU
		{39D03E0D-94E3-498A-9A99-B7942A68410F}.Release|Any CPU.Build.0 = Release|Any CPU
		{39D03E0D-94E3-498A-9A99-B7942A68410F}.Release|x64.ActiveCfg = Release|Any CPU
		{39D03E0D-94E3-498A-9A99-B7942A68410F}.Release|x64.Build.0 = Release|Any CPU
		{39D03E0D-94E3-498A-9A99-B7942A68410F}.Release|x86.ActiveCfg = Release|Any CPU
		{39D03E0D-94E3-498A-9A99-B7942A68410F}.Release|x86.Build.0 = Release|Any CPU
		{B2D4156B-6C60-430B-8C1A-DB58AC023CE0}.Debug|Any CPU.ActiveCfg = Debug|Any CPU
		{B2D4156B-6C60-430B-8C1A-DB58AC023CE0}.Debug|Any CPU.Build.0 = Debug|Any CPU
		{B2D4156B-6C60-430B-8C1A-DB58AC023CE0}.Debug|x64.ActiveCfg = Debug|Any CPU
		{B2D4156B-6C60-430B-8C1A-DB58AC023CE0}.Debug|x64.Build.0 = Debug|Any CPU
		{B2D4156B-6C60-430B-8C1A-DB58AC023CE0}.Debug|x86.ActiveCfg = Debug|Any CPU
		{B2D4156B-6C60-430B-8C1A-DB58AC023CE0}.Debug|x86.Build.0 = Debug|Any CPU
		{B2D4156B-6C60-430B-8C1A-DB58AC023CE0}.Release|Any CPU.ActiveCfg = Release|Any CPU
		{B2D4156B-6C60-430B-8C1A-DB58AC023CE0}.Release|Any CPU.Build.0 = Release|Any CPU
		{B2D4156B-6C60-430B-8C1A-DB58AC023CE0}.Release|x64.ActiveCfg = Release|Any CPU
		{B2D4156B-6C60-430B-8C1A-DB58AC023CE0}.Release|x64.Build.0 = Release|Any CPU
		{B2D4156B-6C60-430B-8C1A-DB58AC023CE0}.Release|x86.ActiveCfg = Release|Any CPU
		{B2D4156B-6C60-430B-8C1A-DB58AC023CE0}.Release|x86.Build.0 = Release|Any CPU
		{6A073D06-C453-4649-8735-56DED977FDC9}.Debug|Any CPU.ActiveCfg = Debug|Any CPU
		{6A073D06-C453-4649-8735-56DED977FDC9}.Debug|Any CPU.Build.0 = Debug|Any CPU
		{6A073D06-C453-4649-8735-56DED977FDC9}.Debug|x64.ActiveCfg = Debug|Any CPU
		{6A073D06-C453-4649-8735-56DED977FDC9}.Debug|x64.Build.0 = Debug|Any CPU
		{6A073D06-C453-4649-8735-56DED977FDC9}.Debug|x86.ActiveCfg = Debug|Any CPU
		{6A073D06-C453-4649-8735-56DED977FDC9}.Debug|x86.Build.0 = Debug|Any CPU
		{6A073D06-C453-4649-8735-56DED977FDC9}.Release|Any CPU.ActiveCfg = Release|Any CPU
		{6A073D06-C453-4649-8735-56DED977FDC9}.Release|Any CPU.Build.0 = Release|Any CPU
		{6A073D06-C453-4649-8735-56DED977FDC9}.Release|x64.ActiveCfg = Release|Any CPU
		{6A073D06-C453-4649-8735-56DED977FDC9}.Release|x64.Build.0 = Release|Any CPU
		{6A073D06-C453-4649-8735-56DED977FDC9}.Release|x86.ActiveCfg = Release|Any CPU
		{6A073D06-C453-4649-8735-56DED977FDC9}.Release|x86.Build.0 = Release|Any CPU
		{000A3F7B-ABD8-4445-A05F-012555E85407}.Debug|Any CPU.ActiveCfg = Debug|Any CPU
		{000A3F7B-ABD8-4445-A05F-012555E85407}.Debug|Any CPU.Build.0 = Debug|Any CPU
		{000A3F7B-ABD8-4445-A05F-012555E85407}.Debug|x64.ActiveCfg = Debug|Any CPU
		{000A3F7B-ABD8-4445-A05F-012555E85407}.Debug|x64.Build.0 = Debug|Any CPU
		{000A3F7B-ABD8-4445-A05F-012555E85407}.Debug|x86.ActiveCfg = Debug|Any CPU
		{000A3F7B-ABD8-4445-A05F-012555E85407}.Debug|x86.Build.0 = Debug|Any CPU
		{000A3F7B-ABD8-4445-A05F-012555E85407}.Release|Any CPU.ActiveCfg = Release|Any CPU
		{000A3F7B-ABD8-4445-A05F-012555E85407}.Release|Any CPU.Build.0 = Release|Any CPU
		{000A3F7B-ABD8-4445-A05F-012555E85407}.Release|x64.ActiveCfg = Release|Any CPU
		{000A3F7B-ABD8-4445-A05F-012555E85407}.Release|x64.Build.0 = Release|Any CPU
		{000A3F7B-ABD8-4445-A05F-012555E85407}.Release|x86.ActiveCfg = Release|Any CPU
		{000A3F7B-ABD8-4445-A05F-012555E85407}.Release|x86.Build.0 = Release|Any CPU
		{687B6A45-8502-4301-A975-C99687A6C447}.Debug|Any CPU.ActiveCfg = Debug|Any CPU
		{687B6A45-8502-4301-A975-C99687A6C447}.Debug|Any CPU.Build.0 = Debug|Any CPU
		{687B6A45-8502-4301-A975-C99687A6C447}.Debug|x64.ActiveCfg = Debug|Any CPU
		{687B6A45-8502-4301-A975-C99687A6C447}.Debug|x64.Build.0 = Debug|Any CPU
		{687B6A45-8502-4301-A975-C99687A6C447}.Debug|x86.ActiveCfg = Debug|Any CPU
		{687B6A45-8502-4301-A975-C99687A6C447}.Debug|x86.Build.0 = Debug|Any CPU
		{687B6A45-8502-4301-A975-C99687A6C447}.Release|Any CPU.ActiveCfg = Release|Any CPU
		{687B6A45-8502-4301-A975-C99687A6C447}.Release|Any CPU.Build.0 = Release|Any CPU
		{687B6A45-8502-4301-A975-C99687A6C447}.Release|x64.ActiveCfg = Release|Any CPU
		{687B6A45-8502-4301-A975-C99687A6C447}.Release|x64.Build.0 = Release|Any CPU
		{687B6A45-8502-4301-A975-C99687A6C447}.Release|x86.ActiveCfg = Release|Any CPU
		{687B6A45-8502-4301-A975-C99687A6C447}.Release|x86.Build.0 = Release|Any CPU
		{3C71FFCE-E882-4E50-B64B-75BBD2389691}.Debug|Any CPU.ActiveCfg = Debug|Any CPU
		{3C71FFCE-E882-4E50-B64B-75BBD2389691}.Debug|Any CPU.Build.0 = Debug|Any CPU
		{3C71FFCE-E882-4E50-B64B-75BBD2389691}.Debug|x64.ActiveCfg = Debug|Any CPU
		{3C71FFCE-E882-4E50-B64B-75BBD2389691}.Debug|x64.Build.0 = Debug|Any CPU
		{3C71FFCE-E882-4E50-B64B-75BBD2389691}.Debug|x86.ActiveCfg = Debug|Any CPU
		{3C71FFCE-E882-4E50-B64B-75BBD2389691}.Debug|x86.Build.0 = Debug|Any CPU
		{3C71FFCE-E882-4E50-B64B-75BBD2389691}.Release|Any CPU.ActiveCfg = Release|Any CPU
		{3C71FFCE-E882-4E50-B64B-75BBD2389691}.Release|Any CPU.Build.0 = Release|Any CPU
		{3C71FFCE-E882-4E50-B64B-75BBD2389691}.Release|x64.ActiveCfg = Release|Any CPU
		{3C71FFCE-E882-4E50-B64B-75BBD2389691}.Release|x64.Build.0 = Release|Any CPU
		{3C71FFCE-E882-4E50-B64B-75BBD2389691}.Release|x86.ActiveCfg = Release|Any CPU
		{3C71FFCE-E882-4E50-B64B-75BBD2389691}.Release|x86.Build.0 = Release|Any CPU
	EndGlobalSection
	GlobalSection(SolutionProperties) = preSolution
		HideSolutionNode = FALSE
	EndGlobalSection
	GlobalSection(NestedProjects) = preSolution
		{53AA9D47-CEDE-49A8-B63C-4A5BAB11BB9E} = {827E0CD3-B72D-47B6-A68D-7590B98EB39B}
		{39D03E0D-94E3-498A-9A99-B7942A68410F} = {827E0CD3-B72D-47B6-A68D-7590B98EB39B}
		{B2D4156B-6C60-430B-8C1A-DB58AC023CE0} = {827E0CD3-B72D-47B6-A68D-7590B98EB39B}
		{6A073D06-C453-4649-8735-56DED977FDC9} = {827E0CD3-B72D-47B6-A68D-7590B98EB39B}
		{000A3F7B-ABD8-4445-A05F-012555E85407} = {0AB3BF05-4346-4AA6-1389-037BE0695223}
		{687B6A45-8502-4301-A975-C99687A6C447} = {0AB3BF05-4346-4AA6-1389-037BE0695223}
		{3C71FFCE-E882-4E50-B64B-75BBD2389691} = {0AB3BF05-4346-4AA6-1389-037BE0695223}
	EndGlobalSection
EndGlobal
